
Microsoft Visual Studio Solution File, Format Version 12.00
# Visual Studio Version 17
VisualStudioVersion = 17.13.35825.156 d17.13
MinimumVisualStudioVersion = 10.0.40219.1
Project("{FAE04EC0-301F-11D3-BF4B-00C04F79EFBC}") = "tpmodule5_103022300073", "tpmodule5_103022300073\tpmodule5_103022300073.csproj", "{43F6B94F-2155-4D0D-9C8E-075E0D41FB21}"
EndProject
Global
	GlobalSection(SolutionConfigurationPlatforms) = preSolution
		Debug|Any CPU = Debug|Any CPU
		Release|Any CPU = Release|Any CPU
	EndGlobalSection
	GlobalSection(ProjectConfigurationPlatforms) = postSolution
		{43F6B94F-2155-4D0D-9C8E-075E0D41FB21}.Debug|Any CPU.ActiveCfg = Debug|Any CPU
		{43F6B94F-2155-4D0D-9C8E-075E0D41FB21}.Debug|Any CPU.Build.0 = Debug|Any CPU
		{43F6B94F-2155-4D0D-9C8E-075E0D41FB21}.Release|Any CPU.ActiveCfg = Release|Any CPU
		{43F6B94F-2155-4D0D-9C8E-075E0D41FB21}.Release|Any CPU.Build.0 = Release|Any CPU
	EndGlobalSection
	GlobalSection(SolutionProperties) = preSolution
		HideSolutionNode = FALSE
	EndGlobalSection
	GlobalSection(ExtensibilityGlobals) = postSolution
		SolutionGuid = {5FB130E9-B052-4191-BC84-3822DD8D4F7B}
	EndGlobalSection
EndGlobal
